
Microsoft Visual Studio Solution File, Format Version 12.00
# Visual Studio Version 16
VisualStudioVersion = 16.0.30523.141
MinimumVisualStudioVersion = 10.0.40219.1
Project("{FAE04EC0-301F-11D3-BF4B-00C04F79EFBC}") = "Web_Store", "Web_Store\Web_Store.csproj", "{49A0AC55-068D-4018-8132-B6134FFE2B53}"
EndProject
Global
	GlobalSection(SolutionConfigurationPlatforms) = preSolution
		Debug|Any CPU = Debug|Any CPU
		Release|Any CPU = Release|Any CPU
	EndGlobalSection
	GlobalSection(ProjectConfigurationPlatforms) = postSolution
		{49A0AC55-068D-4018-8132-B6134FFE2B53}.Debug|Any CPU.ActiveCfg = Debug|Any CPU
		{49A0AC55-068D-4018-8132-B6134FFE2B53}.Debug|Any CPU.Build.0 = Debug|Any CPU
		{49A0AC55-068D-4018-8132-B6134FFE2B53}.Release|Any CPU.ActiveCfg = Release|Any CPU
		{49A0AC55-068D-4018-8132-B6134FFE2B53}.Release|Any CPU.Build.0 = Release|Any CPU
	EndGlobalSection
	GlobalSection(SolutionProperties) = preSolution
		HideSolutionNode = FALSE
	EndGlobalSection
	GlobalSection(ExtensibilityGlobals) = postSolution
		SolutionGuid = {CAF565DA-D281-4870-97C2-FF8E390C7A66}
	EndGlobalSection
EndGlobal
